
Microsoft Visual Studio Solution File, Format Version 11.00
# Visual Studio 2010
Project("{FAE04EC0-301F-11D3-BF4B-00C04F79EFBC}") = "BrewHaHaNet", "BrewHaHaNet\BrewHaHaNet.csproj", "{308C7B1A-E077-4BFE-AD60-5036AEEEF892}"
EndProject
Project("{FAE04EC0-301F-11D3-BF4B-00C04F79EFBC}") = "BrewHaHaNet.Tests", "BrewHaHaNet.Tests\BrewHaHaNet.Tests.csproj", "{5E39CCA6-4236-4C70-BE03-BCAF7DC30886}"
EndProject
Global
	GlobalSection(SolutionConfigurationPlatforms) = preSolution
		Debug|Any CPU = Debug|Any CPU
		Release|Any CPU = Release|Any CPU
	EndGlobalSection
	GlobalSection(ProjectConfigurationPlatforms) = postSolution
		{308C7B1A-E077-4BFE-AD60-5036AEEEF892}.Debug|Any CPU.ActiveCfg = Debug|Any CPU
		{308C7B1A-E077-4BFE-AD60-5036AEEEF892}.Debug|Any CPU.Build.0 = Debug|Any CPU
		{308C7B1A-E077-4BFE-AD60-5036AEEEF892}.Release|Any CPU.ActiveCfg = Release|Any CPU
		{308C7B1A-E077-4BFE-AD60-5036AEEEF892}.Release|Any CPU.Build.0 = Release|Any CPU
		{5E39CCA6-4236-4C70-BE03-BCAF7DC30886}.Debug|Any CPU.ActiveCfg = Debug|Any CPU
		{5E39CCA6-4236-4C70-BE03-BCAF7DC30886}.Debug|Any CPU.Build.0 = Debug|Any CPU
		{5E39CCA6-4236-4C70-BE03-BCAF7DC30886}.Release|Any CPU.ActiveCfg = Release|Any CPU
		{5E39CCA6-4236-4C70-BE03-BCAF7DC30886}.Release|Any CPU.Build.0 = Release|Any CPU
	EndGlobalSection
	GlobalSection(SolutionProperties) = preSolution
		HideSolutionNode = FALSE
	EndGlobalSection
EndGlobal
